
Microsoft Visual Studio Solution File, Format Version 12.00
# Visual Studio Version 17
VisualStudioVersion = 17.6.33815.320
MinimumVisualStudioVersion = 10.0.40219.1
Project("{FAE04EC0-301F-11D3-BF4B-00C04F79EFBC}") = "AzureDatabaseDownloader", "AzureDatabaseDownloader.csproj", "{C42ED5A6-7B43-4713-9720-0451F210091C}"
EndProject
Global
	GlobalSection(SolutionConfigurationPlatforms) = preSolution
		Debug|Any CPU = Debug|Any CPU
		Release|Any CPU = Release|Any CPU
	EndGlobalSection
	GlobalSection(ProjectConfigurationPlatforms) = postSolution
		{C42ED5A6-7B43-4713-9720-0451F210091C}.Debug|Any CPU.ActiveCfg = Debug|Any CPU
		{C42ED5A6-7B43-4713-9720-0451F210091C}.Debug|Any CPU.Build.0 = Debug|Any CPU
		{C42ED5A6-7B43-4713-9720-0451F210091C}.Release|Any CPU.ActiveCfg = Release|Any CPU
		{C42ED5A6-7B43-4713-9720-0451F210091C}.Release|Any CPU.Build.0 = Release|Any CPU
	EndGlobalSection
	GlobalSection(SolutionProperties) = preSolution
		HideSolutionNode = FALSE
	EndGlobalSection
	GlobalSection(ExtensibilityGlobals) = postSolution
		SolutionGuid = {AFB143C8-2B92-48AE-A48A-7FDC05832208}
	EndGlobalSection
EndGlobal
